
Microsoft Visual Studio Solution File, Format Version 12.00
# Visual Studio Version 17
VisualStudioVersion = 17.14.36203.30 d17.14
MinimumVisualStudioVersion = 10.0.40219.1
Project("{FAE04EC0-301F-11D3-BF4B-00C04F79EFBC}") = "cs", "cs.csproj", "{0EEEDB1A-FC69-4162-8EE2-80B73BD81ABA}"
EndProject
Global
	GlobalSection(SolutionConfigurationPlatforms) = preSolution
		Debug|Any CPU = Debug|Any CPU
		Release|Any CPU = Release|Any CPU
	EndGlobalSection
	GlobalSection(ProjectConfigurationPlatforms) = postSolution
		{0EEEDB1A-FC69-4162-8EE2-80B73BD81ABA}.Debug|Any CPU.ActiveCfg = Debug|Any CPU
		{0EEEDB1A-FC69-4162-8EE2-80B73BD81ABA}.Debug|Any CPU.Build.0 = Debug|Any CPU
		{0EEEDB1A-FC69-4162-8EE2-80B73BD81ABA}.Release|Any CPU.ActiveCfg = Release|Any CPU
		{0EEEDB1A-FC69-4162-8EE2-80B73BD81ABA}.Release|Any CPU.Build.0 = Release|Any CPU
	EndGlobalSection
	GlobalSection(SolutionProperties) = preSolution
		HideSolutionNode = FALSE
	EndGlobalSection
	GlobalSection(ExtensibilityGlobals) = postSolution
		SolutionGuid = {A19B7480-B402-4D38-A6A0-52501C50FB29}
	EndGlobalSection
EndGlobal
